
Microsoft Visual Studio Solution File, Format Version 12.00
Project("{2150E333-8FDC-42A3-9474-1A3956D46DE8}") = "src", "src", "{DA5B0CD6-FF37-4C3D-90E4-F4431A9E9509}"
EndProject
Project("{2150E333-8FDC-42A3-9474-1A3956D46DE8}") = "tests", "tests", "{F2143629-DBDD-488A-B402-27AF856D3E05}"
EndProject
Project("{FAE04EC0-301F-11D3-BF4B-00C04F79EFBC}") = "Api", "src\Api\Api.csproj", "{D8C6A11A-8E94-4ED3-8253-39E67457A3F0}"
EndProject
Project("{FAE04EC0-301F-11D3-BF4B-00C04F79EFBC}") = "Application", "src\Application\Application.csproj", "{854EC95D-5AE4-4AC4-9CF7-09485CDED5EE}"
EndProject
Project("{FAE04EC0-301F-11D3-BF4B-00C04F79EFBC}") = "Application.Tests", "tests\Application.Tests\Application.Tests.csproj", "{844DCDA3-15CF-492C-BFB4-1B14D7ECCD67}"
EndProject
Global
	GlobalSection(SolutionConfigurationPlatforms) = preSolution
		Debug|Any CPU = Debug|Any CPU
		Release|Any CPU = Release|Any CPU
	EndGlobalSection
	GlobalSection(ProjectConfigurationPlatforms) = postSolution
		{D8C6A11A-8E94-4ED3-8253-39E67457A3F0}.Debug|Any CPU.ActiveCfg = Debug|Any CPU
		{D8C6A11A-8E94-4ED3-8253-39E67457A3F0}.Debug|Any CPU.Build.0 = Debug|Any CPU
		{D8C6A11A-8E94-4ED3-8253-39E67457A3F0}.Release|Any CPU.ActiveCfg = Release|Any CPU
		{D8C6A11A-8E94-4ED3-8253-39E67457A3F0}.Release|Any CPU.Build.0 = Release|Any CPU
		{854EC95D-5AE4-4AC4-9CF7-09485CDED5EE}.Debug|Any CPU.ActiveCfg = Debug|Any CPU
		{854EC95D-5AE4-4AC4-9CF7-09485CDED5EE}.Debug|Any CPU.Build.0 = Debug|Any CPU
		{854EC95D-5AE4-4AC4-9CF7-09485CDED5EE}.Release|Any CPU.ActiveCfg = Release|Any CPU
		{854EC95D-5AE4-4AC4-9CF7-09485CDED5EE}.Release|Any CPU.Build.0 = Release|Any CPU
		{844DCDA3-15CF-492C-BFB4-1B14D7ECCD67}.Debug|Any CPU.ActiveCfg = Debug|Any CPU
		{844DCDA3-15CF-492C-BFB4-1B14D7ECCD67}.Debug|Any CPU.Build.0 = Debug|Any CPU
		{844DCDA3-15CF-492C-BFB4-1B14D7ECCD67}.Release|Any CPU.ActiveCfg = Release|Any CPU
		{844DCDA3-15CF-492C-BFB4-1B14D7ECCD67}.Release|Any CPU.Build.0 = Release|Any CPU
	EndGlobalSection
	GlobalSection(NestedProjects) = preSolution
		{D8C6A11A-8E94-4ED3-8253-39E67457A3F0} = {DA5B0CD6-FF37-4C3D-90E4-F4431A9E9509}
		{854EC95D-5AE4-4AC4-9CF7-09485CDED5EE} = {DA5B0CD6-FF37-4C3D-90E4-F4431A9E9509}
		{844DCDA3-15CF-492C-BFB4-1B14D7ECCD67} = {F2143629-DBDD-488A-B402-27AF856D3E05}
	EndGlobalSection
EndGlobal
